
Microsoft Visual Studio Solution File, Format Version 12.00
# Visual Studio Version 17
VisualStudioVersion = 17.13.35931.197 d17.13
MinimumVisualStudioVersion = 10.0.40219.1
Project("{FAE04EC0-301F-11D3-BF4B-00C04F79EFBC}") = "C#AppClass", "C#AppClass\C#AppClass.csproj", "{52D9E429-87EB-4894-83C5-033F64458942}"
EndProject
Global
	GlobalSection(SolutionConfigurationPlatforms) = preSolution
		Debug|Any CPU = Debug|Any CPU
		Release|Any CPU = Release|Any CPU
	EndGlobalSection
	GlobalSection(ProjectConfigurationPlatforms) = postSolution
		{52D9E429-87EB-4894-83C5-033F64458942}.Debug|Any CPU.ActiveCfg = Debug|Any CPU
		{52D9E429-87EB-4894-83C5-033F64458942}.Debug|Any CPU.Build.0 = Debug|Any CPU
		{52D9E429-87EB-4894-83C5-033F64458942}.Release|Any CPU.ActiveCfg = Release|Any CPU
		{52D9E429-87EB-4894-83C5-033F64458942}.Release|Any CPU.Build.0 = Release|Any CPU
	EndGlobalSection
	GlobalSection(SolutionProperties) = preSolution
		HideSolutionNode = FALSE
	EndGlobalSection
	GlobalSection(ExtensibilityGlobals) = postSolution
		SolutionGuid = {A9B13671-15DE-48B1-8332-5F1CAC907849}
	EndGlobalSection
EndGlobal
